
Microsoft Visual Studio Solution File, Format Version 12.00
# Visual Studio Version 17
VisualStudioVersion = 17.14.36603.0 d17.14
MinimumVisualStudioVersion = 10.0.40219.1
Project("{FAE04EC0-301F-11D3-BF4B-00C04F79EFBC}") = "7", "7\7.csproj", "{006E2634-C1CC-49C2-9FAA-5EAE0215F90A}"
EndProject
Global
	GlobalSection(SolutionConfigurationPlatforms) = preSolution
		Debug|Any CPU = Debug|Any CPU
		Release|Any CPU = Release|Any CPU
	EndGlobalSection
	GlobalSection(ProjectConfigurationPlatforms) = postSolution
		{006E2634-C1CC-49C2-9FAA-5EAE0215F90A}.Debug|Any CPU.ActiveCfg = Debug|Any CPU
		{006E2634-C1CC-49C2-9FAA-5EAE0215F90A}.Debug|Any CPU.Build.0 = Debug|Any CPU
		{006E2634-C1CC-49C2-9FAA-5EAE0215F90A}.Release|Any CPU.ActiveCfg = Release|Any CPU
		{006E2634-C1CC-49C2-9FAA-5EAE0215F90A}.Release|Any CPU.Build.0 = Release|Any CPU
	EndGlobalSection
	GlobalSection(SolutionProperties) = preSolution
		HideSolutionNode = FALSE
	EndGlobalSection
	GlobalSection(ExtensibilityGlobals) = postSolution
		SolutionGuid = {91C098AD-22A9-41E0-A119-5CE86FAC559A}
	EndGlobalSection
EndGlobal
